
Microsoft Visual Studio Solution File, Format Version 12.00
# Visual Studio 15
VisualStudioVersion = 15.0.28307.329
MinimumVisualStudioVersion = 10.0.40219.1
Project("{FAE04EC0-301F-11D3-BF4B-00C04F79EFBC}") = "WindowsSubstrate", "WindowsSubstrate\WindowsSubstrate.csproj", "{2D468B9F-A140-430F-8269-2430A304620E}"
EndProject
Global
	GlobalSection(SolutionConfigurationPlatforms) = preSolution
		Debug|Any CPU = Debug|Any CPU
		Release|Any CPU = Release|Any CPU
	EndGlobalSection
	GlobalSection(ProjectConfigurationPlatforms) = postSolution
		{2D468B9F-A140-430F-8269-2430A304620E}.Debug|Any CPU.ActiveCfg = Debug|Any CPU
		{2D468B9F-A140-430F-8269-2430A304620E}.Debug|Any CPU.Build.0 = Debug|Any CPU
		{2D468B9F-A140-430F-8269-2430A304620E}.Release|Any CPU.ActiveCfg = Release|Any CPU
		{2D468B9F-A140-430F-8269-2430A304620E}.Release|Any CPU.Build.0 = Release|Any CPU
	EndGlobalSection
	GlobalSection(SolutionProperties) = preSolution
		HideSolutionNode = FALSE
	EndGlobalSection
	GlobalSection(ExtensibilityGlobals) = postSolution
		SolutionGuid = {8C889584-BA8C-4CDA-A036-5F637BC419E7}
	EndGlobalSection
EndGlobal
